
Microsoft Visual Studio Solution File, Format Version 12.00
# Visual Studio 15
VisualStudioVersion = 15.0.28307.1525
MinimumVisualStudioVersion = 10.0.40219.1
Project("{9A19103F-16F7-4668-BE54-9A1E7A4F7556}") = "Emceelee.Advent", "Emceelee.Advent\Emceelee.Advent.csproj", "{02ECFFCB-FE18-461B-B465-D33433B27918}"
EndProject
Project("{9A19103F-16F7-4668-BE54-9A1E7A4F7556}") = "Emceelee.Advent.Tests", "Emceelee.Advent.Tests\Emceelee.Advent.Tests.csproj", "{6CC1BE3A-7C1D-429A-8ED7-649FF658E7AD}"
EndProject
Project("{2150E333-8FDC-42A3-9474-1A3956D46DE8}") = "Solution Items", "Solution Items", "{181B34B2-1626-40D7-B9B0-9D1B0FE5C043}"
	ProjectSection(SolutionItems) = preProject
		.github\workflows\dotnet.yml = .github\workflows\dotnet.yml
	EndProjectSection
EndProject
Global
	GlobalSection(SolutionConfigurationPlatforms) = preSolution
		Debug|Any CPU = Debug|Any CPU
		Release|Any CPU = Release|Any CPU
	EndGlobalSection
	GlobalSection(ProjectConfigurationPlatforms) = postSolution
		{02ECFFCB-FE18-461B-B465-D33433B27918}.Debug|Any CPU.ActiveCfg = Debug|Any CPU
		{02ECFFCB-FE18-461B-B465-D33433B27918}.Debug|Any CPU.Build.0 = Debug|Any CPU
		{02ECFFCB-FE18-461B-B465-D33433B27918}.Release|Any CPU.ActiveCfg = Release|Any CPU
		{02ECFFCB-FE18-461B-B465-D33433B27918}.Release|Any CPU.Build.0 = Release|Any CPU
		{6CC1BE3A-7C1D-429A-8ED7-649FF658E7AD}.Debug|Any CPU.ActiveCfg = Debug|Any CPU
		{6CC1BE3A-7C1D-429A-8ED7-649FF658E7AD}.Debug|Any CPU.Build.0 = Debug|Any CPU
		{6CC1BE3A-7C1D-429A-8ED7-649FF658E7AD}.Release|Any CPU.ActiveCfg = Release|Any CPU
		{6CC1BE3A-7C1D-429A-8ED7-649FF658E7AD}.Release|Any CPU.Build.0 = Release|Any CPU
	EndGlobalSection
	GlobalSection(SolutionProperties) = preSolution
		HideSolutionNode = FALSE
	EndGlobalSection
	GlobalSection(ExtensibilityGlobals) = postSolution
		SolutionGuid = {192A1BBA-0528-4520-827A-DCB706D63491}
	EndGlobalSection
EndGlobal
